
Microsoft Visual Studio Solution File, Format Version 12.00
# Visual Studio Version 17
VisualStudioVersion = 17.5.002.0
MinimumVisualStudioVersion = 10.0.40219.1
Project("{9A19103F-16F7-4668-BE54-9A1E7A4F7556}") = "ListaDePresenca", "ListaDePresenca.csproj", "{89EBA0CE-0DFA-44BB-8B74-8DD289E790DC}"
EndProject
Global
	GlobalSection(SolutionConfigurationPlatforms) = preSolution
		Debug|Any CPU = Debug|Any CPU
		Release|Any CPU = Release|Any CPU
	EndGlobalSection
	GlobalSection(ProjectConfigurationPlatforms) = postSolution
		{89EBA0CE-0DFA-44BB-8B74-8DD289E790DC}.Debug|Any CPU.ActiveCfg = Debug|Any CPU
		{89EBA0CE-0DFA-44BB-8B74-8DD289E790DC}.Debug|Any CPU.Build.0 = Debug|Any CPU
		{89EBA0CE-0DFA-44BB-8B74-8DD289E790DC}.Release|Any CPU.ActiveCfg = Release|Any CPU
		{89EBA0CE-0DFA-44BB-8B74-8DD289E790DC}.Release|Any CPU.Build.0 = Release|Any CPU
	EndGlobalSection
	GlobalSection(SolutionProperties) = preSolution
		HideSolutionNode = FALSE
	EndGlobalSection
	GlobalSection(ExtensibilityGlobals) = postSolution
		SolutionGuid = {EBC620BF-9506-41CD-9D66-4395059B69F3}
	EndGlobalSection
EndGlobal
